// !$*UTF8*$!
{
	archiveVersion = 1;
	classes = {
	};
	objectVersion = 50;
	objects = {

/* Begin PBXBuildFile section */
		CE007A7525CA6AEF00EDC11B /* ChosenLocationType.swift in Sources */ = {isa = PBXBuildFile; fileRef = CE007A7425CA6AEF00EDC11B /* ChosenLocationType.swift */; };
		CE1149B925CCFCD700D03FBD /* ReminderInfoAddImageTableViewCell.swift in Sources */ = {isa = PBXBuildFile; fileRef = CE1149B825CCFCD600D03FBD /* ReminderInfoAddImageTableViewCell.swift */; };
		CE1149BC25CD025A00D03FBD /* ImagePickerManager.swift in Sources */ = {isa = PBXBuildFile; fileRef = CE1149BB25CD025A00D03FBD /* ImagePickerManager.swift */; };
		CE1149BF25CD08D900D03FBD /* ReminderInfoImageTableViewCell.swift in Sources */ = {isa = PBXBuildFile; fileRef = CE1149BE25CD08D900D03FBD /* ReminderInfoImageTableViewCell.swift */; };
		CE3A007225BE7F060094BD4F /* ReminderInfoTableViewDataSource.swift in Sources */ = {isa = PBXBuildFile; fileRef = CE3A007125BE7F060094BD4F /* ReminderInfoTableViewDataSource.swift */; };
		CE3A007C25BE82420094BD4F /* ReminderInfo.swift in Sources */ = {isa = PBXBuildFile; fileRef = CE3A007B25BE82420094BD4F /* ReminderInfo.swift */; };
		CE3A008025BE8BE60094BD4F /* ReminderInfoTextViewTableViewCell.swift in Sources */ = {isa = PBXBuildFile; fileRef = CE3A007F25BE8BE60094BD4F /* ReminderInfoTextViewTableViewCell.swift */; };
		CE3C093525C9143F00723B83 /* ReminderInfoLocationTableViewCell.swift in Sources */ = {isa = PBXBuildFile; fileRef = CE3C093425C9143F00723B83 /* ReminderInfoLocationTableViewCell.swift */; };
		CE5F252325BFD78700409BDF /* ReminderInfoPriorityTableViewCell.swift in Sources */ = {isa = PBXBuildFile; fileRef = CE5F252225BFD78700409BDF /* ReminderInfoPriorityTableViewCell.swift */; };
		CE5F252825BFE26200409BDF /* Priority.swift in Sources */ = {isa = PBXBuildFile; fileRef = CE5F252725BFE26200409BDF /* Priority.swift */; };
		CEAF39E225BE938D000767C1 /* ReminderInfoSwitcherTableViewCell.swift in Sources */ = {isa = PBXBuildFile; fileRef = CEAF39E125BE938D000767C1 /* ReminderInfoSwitcherTableViewCell.swift */; };
		CEBDF3A725B941C400686F2C /* AppDelegate.swift in Sources */ = {isa = PBXBuildFile; fileRef = CEBDF3A625B941C400686F2C /* AppDelegate.swift */; };
		CEBDF3A925B941C400686F2C /* SceneDelegate.swift in Sources */ = {isa = PBXBuildFile; fileRef = CEBDF3A825B941C400686F2C /* SceneDelegate.swift */; };
		CEBDF3AB25B941C400686F2C /* RemindersListViewController.swift in Sources */ = {isa = PBXBuildFile; fileRef = CEBDF3AA25B941C400686F2C /* RemindersListViewController.swift */; };
		CEBDF3B125B941C400686F2C /* RemindersApp.xcdatamodeld in Sources */ = {isa = PBXBuildFile; fileRef = CEBDF3AF25B941C400686F2C /* RemindersApp.xcdatamodeld */; };
		CEBDF3B325B941C600686F2C /* Assets.xcassets in Resources */ = {isa = PBXBuildFile; fileRef = CEBDF3B225B941C600686F2C /* Assets.xcassets */; };
		CEBDF3B625B941C600686F2C /* LaunchScreen.storyboard in Resources */ = {isa = PBXBuildFile; fileRef = CEBDF3B425B941C600686F2C /* LaunchScreen.storyboard */; };
		CEBDF3C825B9442F00686F2C /* RemindersListView.swift in Sources */ = {isa = PBXBuildFile; fileRef = CEBDF3C725B9442F00686F2C /* RemindersListView.swift */; };
		CEBDF3CC25B9445B00686F2C /* RemindersListAssembly.swift in Sources */ = {isa = PBXBuildFile; fileRef = CEBDF3CB25B9445B00686F2C /* RemindersListAssembly.swift */; };
		CEBDF3CF25B9449600686F2C /* NavigationControllerAssembly.swift in Sources */ = {isa = PBXBuildFile; fileRef = CEBDF3CE25B9449600686F2C /* NavigationControllerAssembly.swift */; };
		CEBDF3D325B94AA400686F2C /* RemindersListInteractor.swift in Sources */ = {isa = PBXBuildFile; fileRef = CEBDF3D225B94AA400686F2C /* RemindersListInteractor.swift */; };
		CEBDF3D625B94AAC00686F2C /* RemindersListPresenter.swift in Sources */ = {isa = PBXBuildFile; fileRef = CEBDF3D525B94AAC00686F2C /* RemindersListPresenter.swift */; };
		CEBDF3D925B94AB200686F2C /* RemindersListRouter.swift in Sources */ = {isa = PBXBuildFile; fileRef = CEBDF3D825B94AB200686F2C /* RemindersListRouter.swift */; };
		CEBDF3DE25B94DEF00686F2C /* CustomTableViewDelegate.swift in Sources */ = {isa = PBXBuildFile; fileRef = CEBDF3DD25B94DEF00686F2C /* CustomTableViewDelegate.swift */; };
		CEBDF3E125B94F7100686F2C /* RemindersTableViewDataSource.swift in Sources */ = {isa = PBXBuildFile; fileRef = CEBDF3E025B94F7100686F2C /* RemindersTableViewDataSource.swift */; };
		CEBDF3E425B9504200686F2C /* RemindersListTableViewCell.swift in Sources */ = {isa = PBXBuildFile; fileRef = CEBDF3E325B9504200686F2C /* RemindersListTableViewCell.swift */; };
		CED3520D25C6610200B58757 /* ReminderInfoDateTableViewCell.swift in Sources */ = {isa = PBXBuildFile; fileRef = CED3520C25C6610200B58757 /* ReminderInfoDateTableViewCell.swift */; };
		CED3521125C66E8D00B58757 /* DateAndTimeCellType.swift in Sources */ = {isa = PBXBuildFile; fileRef = CED3521025C66E8D00B58757 /* DateAndTimeCellType.swift */; };
		CEF4F29525BD2FE400B59892 /* ReminderInfoView.swift in Sources */ = {isa = PBXBuildFile; fileRef = CEF4F29425BD2FE400B59892 /* ReminderInfoView.swift */; };
		CEF4F29A25BD2FF500B59892 /* ReminderInfoViewController.swift in Sources */ = {isa = PBXBuildFile; fileRef = CEF4F29925BD2FF500B59892 /* ReminderInfoViewController.swift */; };
		CEF4F29D25BD2FFB00B59892 /* ReminderInfoPresenter.swift in Sources */ = {isa = PBXBuildFile; fileRef = CEF4F29C25BD2FFB00B59892 /* ReminderInfoPresenter.swift */; };
		CEF4F2A025BD300400B59892 /* ReminderInfoInteractor.swift in Sources */ = {isa = PBXBuildFile; fileRef = CEF4F29F25BD300400B59892 /* ReminderInfoInteractor.swift */; };
		CEF4F2A325BD300900B59892 /* ReminderInfoRouter.swift in Sources */ = {isa = PBXBuildFile; fileRef = CEF4F2A225BD300900B59892 /* ReminderInfoRouter.swift */; };
		CEF4F2A625BD326500B59892 /* ReminderInfoAssembly.swift in Sources */ = {isa = PBXBuildFile; fileRef = CEF4F2A525BD326500B59892 /* ReminderInfoAssembly.swift */; };
		CEFA795725CBA32A0004AF81 /* PrioritiesTableViewController.swift in Sources */ = {isa = PBXBuildFile; fileRef = CEFA795625CBA32A0004AF81 /* PrioritiesTableViewController.swift */; };
		CEFA795B25CBA4910004AF81 /* PriorityListVCAssembly.swift in Sources */ = {isa = PBXBuildFile; fileRef = CEFA795A25CBA4910004AF81 /* PriorityListVCAssembly.swift */; };
		CEFA795E25CBA52A0004AF81 /* PrioritiesListTableViewCell.swift in Sources */ = {isa = PBXBuildFile; fileRef = CEFA795D25CBA52A0004AF81 /* PrioritiesListTableViewCell.swift */; };
		CEFADAB725BA80070020DE32 /* Reminder.swift in Sources */ = {isa = PBXBuildFile; fileRef = CEFADAB625BA80070020DE32 /* Reminder.swift */; };
		CEFADABD25BA84870020DE32 /* AppConstants.swift in Sources */ = {isa = PBXBuildFile; fileRef = CEFADABC25BA84870020DE32 /* AppConstants.swift */; };
		CEFADAC125BA8DE10020DE32 /* HideKeyboardExtension.swift in Sources */ = {isa = PBXBuildFile; fileRef = CEFADAC025BA8DE10020DE32 /* HideKeyboardExtension.swift */; };
		CEFADAC425BA97E90020DE32 /* ReminderManager.swift in Sources */ = {isa = PBXBuildFile; fileRef = CEFADAC325BA97E90020DE32 /* ReminderManager.swift */; };
/* End PBXBuildFile section */

/* Begin PBXFileReference section */
		CE007A7425CA6AEF00EDC11B /* ChosenLocationType.swift */ = {isa = PBXFileReference; lastKnownFileType = sourcecode.swift; path = ChosenLocationType.swift; sourceTree = "<group>"; };
		CE1149B825CCFCD600D03FBD /* ReminderInfoAddImageTableViewCell.swift */ = {isa = PBXFileReference; lastKnownFileType = sourcecode.swift; path = ReminderInfoAddImageTableViewCell.swift; sourceTree = "<group>"; };
		CE1149BB25CD025A00D03FBD /* ImagePickerManager.swift */ = {isa = PBXFileReference; lastKnownFileType = sourcecode.swift; path = ImagePickerManager.swift; sourceTree = "<group>"; };
		CE1149BE25CD08D900D03FBD /* ReminderInfoImageTableViewCell.swift */ = {isa = PBXFileReference; lastKnownFileType = sourcecode.swift; path = ReminderInfoImageTableViewCell.swift; sourceTree = "<group>"; };
		CE3A007125BE7F060094BD4F /* ReminderInfoTableViewDataSource.swift */ = {isa = PBXFileReference; lastKnownFileType = sourcecode.swift; path = ReminderInfoTableViewDataSource.swift; sourceTree = "<group>"; };
		CE3A007B25BE82420094BD4F /* ReminderInfo.swift */ = {isa = PBXFileReference; lastKnownFileType = sourcecode.swift; path = ReminderInfo.swift; sourceTree = "<group>"; };
		CE3A007F25BE8BE60094BD4F /* ReminderInfoTextViewTableViewCell.swift */ = {isa = PBXFileReference; lastKnownFileType = sourcecode.swift; path = ReminderInfoTextViewTableViewCell.swift; sourceTree = "<group>"; };
		CE3C093425C9143F00723B83 /* ReminderInfoLocationTableViewCell.swift */ = {isa = PBXFileReference; lastKnownFileType = sourcecode.swift; path = ReminderInfoLocationTableViewCell.swift; sourceTree = "<group>"; };
		CE5F252225BFD78700409BDF /* ReminderInfoPriorityTableViewCell.swift */ = {isa = PBXFileReference; lastKnownFileType = sourcecode.swift; path = ReminderInfoPriorityTableViewCell.swift; sourceTree = "<group>"; };
		CE5F252725BFE26200409BDF /* Priority.swift */ = {isa = PBXFileReference; lastKnownFileType = sourcecode.swift; path = Priority.swift; sourceTree = "<group>"; };
		CEAF39E125BE938D000767C1 /* ReminderInfoSwitcherTableViewCell.swift */ = {isa = PBXFileReference; lastKnownFileType = sourcecode.swift; path = ReminderInfoSwitcherTableViewCell.swift; sourceTree = "<group>"; };
		CEBDF3A325B941C400686F2C /* RemindersApp.app */ = {isa = PBXFileReference; explicitFileType = wrapper.application; includeInIndex = 0; path = RemindersApp.app; sourceTree = BUILT_PRODUCTS_DIR; };
		CEBDF3A625B941C400686F2C /* AppDelegate.swift */ = {isa = PBXFileReference; lastKnownFileType = sourcecode.swift; path = AppDelegate.swift; sourceTree = "<group>"; };
		CEBDF3A825B941C400686F2C /* SceneDelegate.swift */ = {isa = PBXFileReference; lastKnownFileType = sourcecode.swift; path = SceneDelegate.swift; sourceTree = "<group>"; };
		CEBDF3AA25B941C400686F2C /* RemindersListViewController.swift */ = {isa = PBXFileReference; lastKnownFileType = sourcecode.swift; path = RemindersListViewController.swift; sourceTree = "<group>"; };
		CEBDF3B025B941C400686F2C /* RemindersApp.xcdatamodel */ = {isa = PBXFileReference; lastKnownFileType = wrapper.xcdatamodel; path = RemindersApp.xcdatamodel; sourceTree = "<group>"; };
		CEBDF3B225B941C600686F2C /* Assets.xcassets */ = {isa = PBXFileReference; lastKnownFileType = folder.assetcatalog; path = Assets.xcassets; sourceTree = "<group>"; };
		CEBDF3B525B941C600686F2C /* Base */ = {isa = PBXFileReference; lastKnownFileType = file.storyboard; name = Base; path = Base.lproj/LaunchScreen.storyboard; sourceTree = "<group>"; };
		CEBDF3B725B941C600686F2C /* Info.plist */ = {isa = PBXFileReference; lastKnownFileType = text.plist.xml; path = Info.plist; sourceTree = "<group>"; };
		CEBDF3C725B9442F00686F2C /* RemindersListView.swift */ = {isa = PBXFileReference; lastKnownFileType = sourcecode.swift; path = RemindersListView.swift; sourceTree = "<group>"; };
		CEBDF3CB25B9445B00686F2C /* RemindersListAssembly.swift */ = {isa = PBXFileReference; lastKnownFileType = sourcecode.swift; path = RemindersListAssembly.swift; sourceTree = "<group>"; };
		CEBDF3CE25B9449600686F2C /* NavigationControllerAssembly.swift */ = {isa = PBXFileReference; lastKnownFileType = sourcecode.swift; path = NavigationControllerAssembly.swift; sourceTree = "<group>"; };
		CEBDF3D225B94AA400686F2C /* RemindersListInteractor.swift */ = {isa = PBXFileReference; lastKnownFileType = sourcecode.swift; path = RemindersListInteractor.swift; sourceTree = "<group>"; };
		CEBDF3D525B94AAC00686F2C /* RemindersListPresenter.swift */ = {isa = PBXFileReference; lastKnownFileType = sourcecode.swift; path = RemindersListPresenter.swift; sourceTree = "<group>"; };
		CEBDF3D825B94AB200686F2C /* RemindersListRouter.swift */ = {isa = PBXFileReference; lastKnownFileType = sourcecode.swift; path = RemindersListRouter.swift; sourceTree = "<group>"; };
		CEBDF3DD25B94DEF00686F2C /* CustomTableViewDelegate.swift */ = {isa = PBXFileReference; lastKnownFileType = sourcecode.swift; path = CustomTableViewDelegate.swift; sourceTree = "<group>"; };
		CEBDF3E025B94F7100686F2C /* RemindersTableViewDataSource.swift */ = {isa = PBXFileReference; lastKnownFileType = sourcecode.swift; path = RemindersTableViewDataSource.swift; sourceTree = "<group>"; };
		CEBDF3E325B9504200686F2C /* RemindersListTableViewCell.swift */ = {isa = PBXFileReference; lastKnownFileType = sourcecode.swift; path = RemindersListTableViewCell.swift; sourceTree = "<group>"; };
		CED3520C25C6610200B58757 /* ReminderInfoDateTableViewCell.swift */ = {isa = PBXFileReference; lastKnownFileType = sourcecode.swift; path = ReminderInfoDateTableViewCell.swift; sourceTree = "<group>"; };
		CED3521025C66E8D00B58757 /* DateAndTimeCellType.swift */ = {isa = PBXFileReference; lastKnownFileType = sourcecode.swift; path = DateAndTimeCellType.swift; sourceTree = "<group>"; };
		CEF4F29425BD2FE400B59892 /* ReminderInfoView.swift */ = {isa = PBXFileReference; lastKnownFileType = sourcecode.swift; path = ReminderInfoView.swift; sourceTree = "<group>"; };
		CEF4F29925BD2FF500B59892 /* ReminderInfoViewController.swift */ = {isa = PBXFileReference; lastKnownFileType = sourcecode.swift; path = ReminderInfoViewController.swift; sourceTree = "<group>"; };
		CEF4F29C25BD2FFB00B59892 /* ReminderInfoPresenter.swift */ = {isa = PBXFileReference; lastKnownFileType = sourcecode.swift; path = ReminderInfoPresenter.swift; sourceTree = "<group>"; };
		CEF4F29F25BD300400B59892 /* ReminderInfoInteractor.swift */ = {isa = PBXFileReference; lastKnownFileType = sourcecode.swift; path = ReminderInfoInteractor.swift; sourceTree = "<group>"; };
		CEF4F2A225BD300900B59892 /* ReminderInfoRouter.swift */ = {isa = PBXFileReference; lastKnownFileType = sourcecode.swift; path = ReminderInfoRouter.swift; sourceTree = "<group>"; };
		CEF4F2A525BD326500B59892 /* ReminderInfoAssembly.swift */ = {isa = PBXFileReference; lastKnownFileType = sourcecode.swift; path = ReminderInfoAssembly.swift; sourceTree = "<group>"; };
		CEFA795625CBA32A0004AF81 /* PrioritiesTableViewController.swift */ = {isa = PBXFileReference; lastKnownFileType = sourcecode.swift; path = PrioritiesTableViewController.swift; sourceTree = "<group>"; };
		CEFA795A25CBA4910004AF81 /* PriorityListVCAssembly.swift */ = {isa = PBXFileReference; lastKnownFileType = sourcecode.swift; path = PriorityListVCAssembly.swift; sourceTree = "<group>"; };
		CEFA795D25CBA52A0004AF81 /* PrioritiesListTableViewCell.swift */ = {isa = PBXFileReference; lastKnownFileType = sourcecode.swift; path = PrioritiesListTableViewCell.swift; sourceTree = "<group>"; };
		CEFADAB625BA80070020DE32 /* Reminder.swift */ = {isa = PBXFileReference; lastKnownFileType = sourcecode.swift; path = Reminder.swift; sourceTree = "<group>"; };
		CEFADABC25BA84870020DE32 /* AppConstants.swift */ = {isa = PBXFileReference; lastKnownFileType = sourcecode.swift; path = AppConstants.swift; sourceTree = "<group>"; };
		CEFADAC025BA8DE10020DE32 /* HideKeyboardExtension.swift */ = {isa = PBXFileReference; lastKnownFileType = sourcecode.swift; path = HideKeyboardExtension.swift; sourceTree = "<group>"; };
		CEFADAC325BA97E90020DE32 /* ReminderManager.swift */ = {isa = PBXFileReference; lastKnownFileType = sourcecode.swift; path = ReminderManager.swift; sourceTree = "<group>"; };
/* End PBXFileReference section */

/* Begin PBXFrameworksBuildPhase section */
		CEBDF3A025B941C400686F2C /* Frameworks */ = {
			isa = PBXFrameworksBuildPhase;
			buildActionMask = 2147483647;
			files = (
			);
			runOnlyForDeploymentPostprocessing = 0;
		};
/* End PBXFrameworksBuildPhase section */

/* Begin PBXGroup section */
		CE3A007025BE7EDA0094BD4F /* ReminderInfoModel */ = {
			isa = PBXGroup;
			children = (
				CE3A007125BE7F060094BD4F /* ReminderInfoTableViewDataSource.swift */,
			);
			path = ReminderInfoModel;
			sourceTree = "<group>";
		};
		CE3A007E25BE8BC00094BD4F /* CustomTableViewCells */ = {
			isa = PBXGroup;
			children = (
				CE3A007F25BE8BE60094BD4F /* ReminderInfoTextViewTableViewCell.swift */,
				CEAF39E125BE938D000767C1 /* ReminderInfoSwitcherTableViewCell.swift */,
				CE5F252225BFD78700409BDF /* ReminderInfoPriorityTableViewCell.swift */,
				CED3520C25C6610200B58757 /* ReminderInfoDateTableViewCell.swift */,
				CE3C093425C9143F00723B83 /* ReminderInfoLocationTableViewCell.swift */,
				CE1149B825CCFCD600D03FBD /* ReminderInfoAddImageTableViewCell.swift */,
				CE1149BE25CD08D900D03FBD /* ReminderInfoImageTableViewCell.swift */,
			);
			path = CustomTableViewCells;
			sourceTree = "<group>";
		};
		CEBDF39A25B941C400686F2C = {
			isa = PBXGroup;
			children = (
				CEBDF3A525B941C400686F2C /* RemindersApp */,
				CEBDF3A425B941C400686F2C /* Products */,
			);
			sourceTree = "<group>";
		};
		CEBDF3A425B941C400686F2C /* Products */ = {
			isa = PBXGroup;
			children = (
				CEBDF3A325B941C400686F2C /* RemindersApp.app */,
			);
			name = Products;
			sourceTree = "<group>";
		};
		CEBDF3A525B941C400686F2C /* RemindersApp */ = {
			isa = PBXGroup;
			children = (
				CEBDF3CA25B9444C00686F2C /* Assembly */,
				CEBDF3BF25B943D400686F2C /* App */,
				CEBDF3DC25B94DDF00686F2C /* Model */,
				CEFADAB525BA7FFD0020DE32 /* Entities */,
				CEBDF3C125B943F000686F2C /* Modules */,
				CEBDF3B225B941C600686F2C /* Assets.xcassets */,
				CEBDF3B425B941C600686F2C /* LaunchScreen.storyboard */,
				CEBDF3B725B941C600686F2C /* Info.plist */,
				CEBDF3AF25B941C400686F2C /* RemindersApp.xcdatamodeld */,
			);
			path = RemindersApp;
			sourceTree = "<group>";
		};
		CEBDF3BF25B943D400686F2C /* App */ = {
			isa = PBXGroup;
			children = (
				CEBDF3A625B941C400686F2C /* AppDelegate.swift */,
				CEBDF3A825B941C400686F2C /* SceneDelegate.swift */,
			);
			path = App;
			sourceTree = "<group>";
		};
		CEBDF3C125B943F000686F2C /* Modules */ = {
			isa = PBXGroup;
			children = (
				CEF4F29225BD2FBE00B59892 /* Main */,
				CEBDF3C325B943F400686F2C /* RemindersList */,
				CEF4F29325BD2FC800B59892 /* ReminderInfo */,
				CEFA795525CBA2F90004AF81 /* PrioritiesList */,
			);
			path = Modules;
			sourceTree = "<group>";
		};
		CEBDF3C325B943F400686F2C /* RemindersList */ = {
			isa = PBXGroup;
			children = (
				CEBDF3C525B943FC00686F2C /* Views */,
				CEBDF3AA25B941C400686F2C /* RemindersListViewController.swift */,
				CEBDF3D525B94AAC00686F2C /* RemindersListPresenter.swift */,
				CEBDF3D225B94AA400686F2C /* RemindersListInteractor.swift */,
				CEBDF3D825B94AB200686F2C /* RemindersListRouter.swift */,
			);
			path = RemindersList;
			sourceTree = "<group>";
		};
		CEBDF3C525B943FC00686F2C /* Views */ = {
			isa = PBXGroup;
			children = (
				CEBDF3C725B9442F00686F2C /* RemindersListView.swift */,
				CEBDF3E325B9504200686F2C /* RemindersListTableViewCell.swift */,
			);
			path = Views;
			sourceTree = "<group>";
		};
		CEBDF3CA25B9444C00686F2C /* Assembly */ = {
			isa = PBXGroup;
			children = (
				CEBDF3CB25B9445B00686F2C /* RemindersListAssembly.swift */,
				CEBDF3CE25B9449600686F2C /* NavigationControllerAssembly.swift */,
				CEF4F2A525BD326500B59892 /* ReminderInfoAssembly.swift */,
				CEFA795A25CBA4910004AF81 /* PriorityListVCAssembly.swift */,
			);
			path = Assembly;
			sourceTree = "<group>";
		};
		CEBDF3DC25B94DDF00686F2C /* Model */ = {
			isa = PBXGroup;
			children = (
				CEBDF3DD25B94DEF00686F2C /* CustomTableViewDelegate.swift */,
				CE3A007025BE7EDA0094BD4F /* ReminderInfoModel */,
				CEFADAB325BA7FEE0020DE32 /* RemindersTableViewModel */,
				CEFADABC25BA84870020DE32 /* AppConstants.swift */,
				CEFADAC025BA8DE10020DE32 /* HideKeyboardExtension.swift */,
				CEFADAC325BA97E90020DE32 /* ReminderManager.swift */,
				CE1149BB25CD025A00D03FBD /* ImagePickerManager.swift */,
			);
			path = Model;
			sourceTree = "<group>";
		};
		CEF4F29225BD2FBE00B59892 /* Main */ = {
			isa = PBXGroup;
			children = (
			);
			path = Main;
			sourceTree = "<group>";
		};
		CEF4F29325BD2FC800B59892 /* ReminderInfo */ = {
			isa = PBXGroup;
			children = (
				CEF4F29725BD2FE700B59892 /* Views */,
				CEF4F29925BD2FF500B59892 /* ReminderInfoViewController.swift */,
				CEF4F29C25BD2FFB00B59892 /* ReminderInfoPresenter.swift */,
				CEF4F29F25BD300400B59892 /* ReminderInfoInteractor.swift */,
				CEF4F2A225BD300900B59892 /* ReminderInfoRouter.swift */,
			);
			path = ReminderInfo;
			sourceTree = "<group>";
		};
		CEF4F29725BD2FE700B59892 /* Views */ = {
			isa = PBXGroup;
			children = (
				CEF4F29425BD2FE400B59892 /* ReminderInfoView.swift */,
				CE3A007E25BE8BC00094BD4F /* CustomTableViewCells */,
			);
			path = Views;
			sourceTree = "<group>";
		};
		CEFA795525CBA2F90004AF81 /* PrioritiesList */ = {
			isa = PBXGroup;
			children = (
				CEFA796025CBA5460004AF81 /* Views */,
				CEFA795625CBA32A0004AF81 /* PrioritiesTableViewController.swift */,
			);
			path = PrioritiesList;
			sourceTree = "<group>";
		};
		CEFA796025CBA5460004AF81 /* Views */ = {
			isa = PBXGroup;
			children = (
				CEFA795D25CBA52A0004AF81 /* PrioritiesListTableViewCell.swift */,
			);
			path = Views;
			sourceTree = "<group>";
		};
		CEFADAB325BA7FEE0020DE32 /* RemindersTableViewModel */ = {
			isa = PBXGroup;
			children = (
				CEBDF3E025B94F7100686F2C /* RemindersTableViewDataSource.swift */,
			);
			path = RemindersTableViewModel;
			sourceTree = "<group>";
		};
		CEFADAB525BA7FFD0020DE32 /* Entities */ = {
			isa = PBXGroup;
			children = (
				CEFADAB625BA80070020DE32 /* Reminder.swift */,
				CE5F252725BFE26200409BDF /* Priority.swift */,
				CE3A007B25BE82420094BD4F /* ReminderInfo.swift */,
				CED3521025C66E8D00B58757 /* DateAndTimeCellType.swift */,
				CE007A7425CA6AEF00EDC11B /* ChosenLocationType.swift */,
			);
			path = Entities;
			sourceTree = "<group>";
		};
/* End PBXGroup section */

/* Begin PBXNativeTarget section */
		CEBDF3A225B941C400686F2C /* RemindersApp */ = {
			isa = PBXNativeTarget;
			buildConfigurationList = CEBDF3BA25B941C600686F2C /* Build configuration list for PBXNativeTarget "RemindersApp" */;
			buildPhases = (
				CEBDF39F25B941C400686F2C /* Sources */,
				CEBDF3A025B941C400686F2C /* Frameworks */,
				CEBDF3A125B941C400686F2C /* Resources */,
			);
			buildRules = (
			);
			dependencies = (
			);
			name = RemindersApp;
			productName = RemindersApp;
			productReference = CEBDF3A325B941C400686F2C /* RemindersApp.app */;
			productType = "com.apple.product-type.application";
		};
/* End PBXNativeTarget section */

/* Begin PBXProject section */
		CEBDF39B25B941C400686F2C /* Project object */ = {
			isa = PBXProject;
			attributes = {
				LastSwiftUpdateCheck = 1210;
				LastUpgradeCheck = 1210;
				TargetAttributes = {
					CEBDF3A225B941C400686F2C = {
						CreatedOnToolsVersion = 12.1;
					};
				};
			};
			buildConfigurationList = CEBDF39E25B941C400686F2C /* Build configuration list for PBXProject "RemindersApp" */;
			compatibilityVersion = "Xcode 9.3";
			developmentRegion = en;
			hasScannedForEncodings = 0;
			knownRegions = (
				en,
				Base,
			);
			mainGroup = CEBDF39A25B941C400686F2C;
			productRefGroup = CEBDF3A425B941C400686F2C /* Products */;
			projectDirPath = "";
			projectRoot = "";
			targets = (
				CEBDF3A225B941C400686F2C /* RemindersApp */,
			);
		};
/* End PBXProject section */

/* Begin PBXResourcesBuildPhase section */
		CEBDF3A125B941C400686F2C /* Resources */ = {
			isa = PBXResourcesBuildPhase;
			buildActionMask = 2147483647;
			files = (
				CEBDF3B625B941C600686F2C /* LaunchScreen.storyboard in Resources */,
				CEBDF3B325B941C600686F2C /* Assets.xcassets in Resources */,
			);
			runOnlyForDeploymentPostprocessing = 0;
		};
/* End PBXResourcesBuildPhase section */

/* Begin PBXSourcesBuildPhase section */
		CEBDF39F25B941C400686F2C /* Sources */ = {
			isa = PBXSourcesBuildPhase;
			buildActionMask = 2147483647;
			files = (
				CE3C093525C9143F00723B83 /* ReminderInfoLocationTableViewCell.swift in Sources */,
				CEBDF3E125B94F7100686F2C /* RemindersTableViewDataSource.swift in Sources */,
				CEFADAB725BA80070020DE32 /* Reminder.swift in Sources */,
				CEBDF3D325B94AA400686F2C /* RemindersListInteractor.swift in Sources */,
				CED3521125C66E8D00B58757 /* DateAndTimeCellType.swift in Sources */,
				CEFADAC425BA97E90020DE32 /* ReminderManager.swift in Sources */,
				CEFA795B25CBA4910004AF81 /* PriorityListVCAssembly.swift in Sources */,
				CEBDF3AB25B941C400686F2C /* RemindersListViewController.swift in Sources */,
				CEBDF3D625B94AAC00686F2C /* RemindersListPresenter.swift in Sources */,
				CEF4F29525BD2FE400B59892 /* ReminderInfoView.swift in Sources */,
				CEBDF3CC25B9445B00686F2C /* RemindersListAssembly.swift in Sources */,
				CEF4F2A325BD300900B59892 /* ReminderInfoRouter.swift in Sources */,
				CEBDF3A725B941C400686F2C /* AppDelegate.swift in Sources */,
				CE1149BC25CD025A00D03FBD /* ImagePickerManager.swift in Sources */,
				CEBDF3C825B9442F00686F2C /* RemindersListView.swift in Sources */,
				CEBDF3D925B94AB200686F2C /* RemindersListRouter.swift in Sources */,
				CEBDF3E425B9504200686F2C /* RemindersListTableViewCell.swift in Sources */,
				CEF4F29D25BD2FFB00B59892 /* ReminderInfoPresenter.swift in Sources */,
				CEFADABD25BA84870020DE32 /* AppConstants.swift in Sources */,
				CE007A7525CA6AEF00EDC11B /* ChosenLocationType.swift in Sources */,
				CEBDF3CF25B9449600686F2C /* NavigationControllerAssembly.swift in Sources */,
				CE3A007225BE7F060094BD4F /* ReminderInfoTableViewDataSource.swift in Sources */,
				CE5F252325BFD78700409BDF /* ReminderInfoPriorityTableViewCell.swift in Sources */,
				CE3A008025BE8BE60094BD4F /* ReminderInfoTextViewTableViewCell.swift in Sources */,
				CE3A007C25BE82420094BD4F /* ReminderInfo.swift in Sources */,
				CE1149B925CCFCD700D03FBD /* ReminderInfoAddImageTableViewCell.swift in Sources */,
				CEBDF3A925B941C400686F2C /* SceneDelegate.swift in Sources */,
				CEF4F2A625BD326500B59892 /* ReminderInfoAssembly.swift in Sources */,
				CE1149BF25CD08D900D03FBD /* ReminderInfoImageTableViewCell.swift in Sources */,
				CEFA795725CBA32A0004AF81 /* PrioritiesTableViewController.swift in Sources */,
				CE5F252825BFE26200409BDF /* Priority.swift in Sources */,
				CEBDF3B125B941C400686F2C /* RemindersApp.xcdatamodeld in Sources */,
				CEF4F2A025BD300400B59892 /* ReminderInfoInteractor.swift in Sources */,
				CEFADAC125BA8DE10020DE32 /* HideKeyboardExtension.swift in Sources */,
				CEFA795E25CBA52A0004AF81 /* PrioritiesListTableViewCell.swift in Sources */,
				CEAF39E225BE938D000767C1 /* ReminderInfoSwitcherTableViewCell.swift in Sources */,
				CEBDF3DE25B94DEF00686F2C /* CustomTableViewDelegate.swift in Sources */,
				CED3520D25C6610200B58757 /* ReminderInfoDateTableViewCell.swift in Sources */,
				CEF4F29A25BD2FF500B59892 /* ReminderInfoViewController.swift in Sources */,
			);
			runOnlyForDeploymentPostprocessing = 0;
		};
/* End PBXSourcesBuildPhase section */

/* Begin PBXVariantGroup section */
		CEBDF3B425B941C600686F2C /* LaunchScreen.storyboard */ = {
			isa = PBXVariantGroup;
			children = (
				CEBDF3B525B941C600686F2C /* Base */,
			);
			name = LaunchScreen.storyboard;
			sourceTree = "<group>";
		};
/* End PBXVariantGroup section */

/* Begin XCBuildConfiguration section */
		CEBDF3B825B941C600686F2C /* Debug */ = {
			isa = XCBuildConfiguration;
			buildSettings = {
				ALWAYS_SEARCH_USER_PATHS = NO;
				CLANG_ANALYZER_NONNULL = YES;
				CLANG_ANALYZER_NUMBER_OBJECT_CONVERSION = YES_AGGRESSIVE;
				CLANG_CXX_LANGUAGE_STANDARD = "gnu++14";
				CLANG_CXX_LIBRARY = "libc++";
				CLANG_ENABLE_MODULES = YES;
				CLANG_ENABLE_OBJC_ARC = YES;
				CLANG_ENABLE_OBJC_WEAK = YES;
				CLANG_WARN_BLOCK_CAPTURE_AUTORELEASING = YES;
				CLANG_WARN_BOOL_CONVERSION = YES;
				CLANG_WARN_COMMA = YES;
				CLANG_WARN_CONSTANT_CONVERSION = YES;
				CLANG_WARN_DEPRECATED_OBJC_IMPLEMENTATIONS = YES;
				CLANG_WARN_DIRECT_OBJC_ISA_USAGE = YES_ERROR;
				CLANG_WARN_DOCUMENTATION_COMMENTS = YES;
				CLANG_WARN_EMPTY_BODY = YES;
				CLANG_WARN_ENUM_CONVERSION = YES;
				CLANG_WARN_INFINITE_RECURSION = YES;
				CLANG_WARN_INT_CONVERSION = YES;
				CLANG_WARN_NON_LITERAL_NULL_CONVERSION = YES;
				CLANG_WARN_OBJC_IMPLICIT_RETAIN_SELF = YES;
				CLANG_WARN_OBJC_LITERAL_CONVERSION = YES;
				CLANG_WARN_OBJC_ROOT_CLASS = YES_ERROR;
				CLANG_WARN_QUOTED_INCLUDE_IN_FRAMEWORK_HEADER = YES;
				CLANG_WARN_RANGE_LOOP_ANALYSIS = YES;
				CLANG_WARN_STRICT_PROTOTYPES = YES;
				CLANG_WARN_SUSPICIOUS_MOVE = YES;
				CLANG_WARN_UNGUARDED_AVAILABILITY = YES_AGGRESSIVE;
				CLANG_WARN_UNREACHABLE_CODE = YES;
				CLANG_WARN__DUPLICATE_METHOD_MATCH = YES;
				COPY_PHASE_STRIP = NO;
				DEBUG_INFORMATION_FORMAT = dwarf;
				ENABLE_STRICT_OBJC_MSGSEND = YES;
				ENABLE_TESTABILITY = YES;
				GCC_C_LANGUAGE_STANDARD = gnu11;
				GCC_DYNAMIC_NO_PIC = NO;
				GCC_NO_COMMON_BLOCKS = YES;
				GCC_OPTIMIZATION_LEVEL = 0;
				GCC_PREPROCESSOR_DEFINITIONS = (
					"DEBUG=1",
					"$(inherited)",
				);
				GCC_WARN_64_TO_32_BIT_CONVERSION = YES;
				GCC_WARN_ABOUT_RETURN_TYPE = YES_ERROR;
				GCC_WARN_UNDECLARED_SELECTOR = YES;
				GCC_WARN_UNINITIALIZED_AUTOS = YES_AGGRESSIVE;
				GCC_WARN_UNUSED_FUNCTION = YES;
				GCC_WARN_UNUSED_VARIABLE = YES;
				IPHONEOS_DEPLOYMENT_TARGET = 14.1;
				MTL_ENABLE_DEBUG_INFO = INCLUDE_SOURCE;
				MTL_FAST_MATH = YES;
				ONLY_ACTIVE_ARCH = YES;
				SDKROOT = iphoneos;
				SWIFT_ACTIVE_COMPILATION_CONDITIONS = DEBUG;
				SWIFT_OPTIMIZATION_LEVEL = "-Onone";
			};
			name = Debug;
		};
		CEBDF3B925B941C600686F2C /* Release */ = {
			isa = XCBuildConfiguration;
			buildSettings = {
				ALWAYS_SEARCH_USER_PATHS = NO;
				CLANG_ANALYZER_NONNULL = YES;
				CLANG_ANALYZER_NUMBER_OBJECT_CONVERSION = YES_AGGRESSIVE;
				CLANG_CXX_LANGUAGE_STANDARD = "gnu++14";
				CLANG_CXX_LIBRARY = "libc++";
				CLANG_ENABLE_MODULES = YES;
				CLANG_ENABLE_OBJC_ARC = YES;
				CLANG_ENABLE_OBJC_WEAK = YES;
				CLANG_WARN_BLOCK_CAPTURE_AUTORELEASING = YES;
				CLANG_WARN_BOOL_CONVERSION = YES;
				CLANG_WARN_COMMA = YES;
				CLANG_WARN_CONSTANT_CONVERSION = YES;
				CLANG_WARN_DEPRECATED_OBJC_IMPLEMENTATIONS = YES;
				CLANG_WARN_DIRECT_OBJC_ISA_USAGE = YES_ERROR;
				CLANG_WARN_DOCUMENTATION_COMMENTS = YES;
				CLANG_WARN_EMPTY_BODY = YES;
				CLANG_WARN_ENUM_CONVERSION = YES;
				CLANG_WARN_INFINITE_RECURSION = YES;
				CLANG_WARN_INT_CONVERSION = YES;
				CLANG_WARN_NON_LITERAL_NULL_CONVERSION = YES;
				CLANG_WARN_OBJC_IMPLICIT_RETAIN_SELF = YES;
				CLANG_WARN_OBJC_LITERAL_CONVERSION = YES;
				CLANG_WARN_OBJC_ROOT_CLASS = YES_ERROR;
				CLANG_WARN_QUOTED_INCLUDE_IN_FRAMEWORK_HEADER = YES;
				CLANG_WARN_RANGE_LOOP_ANALYSIS = YES;
				CLANG_WARN_STRICT_PROTOTYPES = YES;
				CLANG_WARN_SUSPICIOUS_MOVE = YES;
				CLANG_WARN_UNGUARDED_AVAILABILITY = YES_AGGRESSIVE;
				CLANG_WARN_UNREACHABLE_CODE = YES;
				CLANG_WARN__DUPLICATE_METHOD_MATCH = YES;
				COPY_PHASE_STRIP = NO;
				DEBUG_INFORMATION_FORMAT = "dwarf-with-dsym";
				ENABLE_NS_ASSERTIONS = NO;
				ENABLE_STRICT_OBJC_MSGSEND = YES;
				GCC_C_LANGUAGE_STANDARD = gnu11;
				GCC_NO_COMMON_BLOCKS = YES;
				GCC_WARN_64_TO_32_BIT_CONVERSION = YES;
				GCC_WARN_ABOUT_RETURN_TYPE = YES_ERROR;
				GCC_WARN_UNDECLARED_SELECTOR = YES;
				GCC_WARN_UNINITIALIZED_AUTOS = YES_AGGRESSIVE;
				GCC_WARN_UNUSED_FUNCTION = YES;
				GCC_WARN_UNUSED_VARIABLE = YES;
				IPHONEOS_DEPLOYMENT_TARGET = 14.1;
				MTL_ENABLE_DEBUG_INFO = NO;
				MTL_FAST_MATH = YES;
				SDKROOT = iphoneos;
				SWIFT_COMPILATION_MODE = wholemodule;
				SWIFT_OPTIMIZATION_LEVEL = "-O";
				VALIDATE_PRODUCT = YES;
			};
			name = Release;
		};
		CEBDF3BB25B941C600686F2C /* Debug */ = {
			isa = XCBuildConfiguration;
			buildSettings = {
				ASSETCATALOG_COMPILER_APPICON_NAME = AppIcon;
				ASSETCATALOG_COMPILER_GLOBAL_ACCENT_COLOR_NAME = AccentColor;
				CODE_SIGN_STYLE = Automatic;
				DEVELOPMENT_TEAM = DB9UTG3H5X;
				INFOPLIST_FILE = RemindersApp/Info.plist;
				LD_RUNPATH_SEARCH_PATHS = (
					"$(inherited)",
					"@executable_path/Frameworks",
				);
				PRODUCT_BUNDLE_IDENTIFIER = com.Lumko.RemindersApp;
				PRODUCT_NAME = "$(TARGET_NAME)";
				SWIFT_VERSION = 5.0;
				TARGETED_DEVICE_FAMILY = "1,2";
			};
			name = Debug;
		};
		CEBDF3BC25B941C600686F2C /* Release */ = {
			isa = XCBuildConfiguration;
			buildSettings = {
				ASSETCATALOG_COMPILER_APPICON_NAME = AppIcon;
				ASSETCATALOG_COMPILER_GLOBAL_ACCENT_COLOR_NAME = AccentColor;
				CODE_SIGN_STYLE = Automatic;
				DEVELOPMENT_TEAM = DB9UTG3H5X;
				INFOPLIST_FILE = RemindersApp/Info.plist;
				LD_RUNPATH_SEARCH_PATHS = (
					"$(inherited)",
					"@executable_path/Frameworks",
				);
				PRODUCT_BUNDLE_IDENTIFIER = com.Lumko.RemindersApp;
				PRODUCT_NAME = "$(TARGET_NAME)";
				SWIFT_VERSION = 5.0;
				TARGETED_DEVICE_FAMILY = "1,2";
			};
			name = Release;
		};
/* End XCBuildConfiguration section */

/* Begin XCConfigurationList section */
		CEBDF39E25B941C400686F2C /* Build configuration list for PBXProject "RemindersApp" */ = {
			isa = XCConfigurationList;
			buildConfigurations = (
				CEBDF3B825B941C600686F2C /* Debug */,
				CEBDF3B925B941C600686F2C /* Release */,
			);
			defaultConfigurationIsVisible = 0;
			defaultConfigurationName = Release;
		};
		CEBDF3BA25B941C600686F2C /* Build configuration list for PBXNativeTarget "RemindersApp" */ = {
			isa = XCConfigurationList;
			buildConfigurations = (
				CEBDF3BB25B941C600686F2C /* Debug */,
				CEBDF3BC25B941C600686F2C /* Release */,
			);
			defaultConfigurationIsVisible = 0;
			defaultConfigurationName = Release;
		};
/* End XCConfigurationList section */

/* Begin XCVersionGroup section */
		CEBDF3AF25B941C400686F2C /* RemindersApp.xcdatamodeld */ = {
			isa = XCVersionGroup;
			children = (
				CEBDF3B025B941C400686F2C /* RemindersApp.xcdatamodel */,
			);
			currentVersion = CEBDF3B025B941C400686F2C /* RemindersApp.xcdatamodel */;
			path = RemindersApp.xcdatamodeld;
			sourceTree = "<group>";
			versionGroupType = wrapper.xcdatamodel;
		};
/* End XCVersionGroup section */
	};
	rootObject = CEBDF39B25B941C400686F2C /* Project object */;
}
